// !$*UTF8*$!
{
	archiveVersion = 1;
	classes = {
	};
	objectVersion = 48;
	objects = {

/* Begin PBXBuildFile section */
		C71E0588205023A3001269C6 /* main.cpp in Sources */ = {isa = PBXBuildFile; fileRef = C71E0587205023A3001269C6 /* main.cpp */; };
		C71E059120503A5D001269C6 /* libopencv_core.3.4.1.dylib in Frameworks */ = {isa = PBXBuildFile; fileRef = C71E059020503A5D001269C6 /* libopencv_core.3.4.1.dylib */; };
		C71E059320503F0B001269C6 /* libopencv_highgui.3.4.1.dylib in Frameworks */ = {isa = PBXBuildFile; fileRef = C71E059220503F0B001269C6 /* libopencv_highgui.3.4.1.dylib */; };
		C71E059520503F42001269C6 /* libopencv_imgproc.3.4.1.dylib in Frameworks */ = {isa = PBXBuildFile; fileRef = C71E059420503F42001269C6 /* libopencv_imgproc.3.4.1.dylib */; };
		C71E059820504763001269C6 /* libopencv_imgcodecs.3.4.1.dylib in Frameworks */ = {isa = PBXBuildFile; fileRef = C71E059720504763001269C6 /* libopencv_imgcodecs.3.4.1.dylib */; };
		C75B497A20519EA10069F373 /* readFishPic.cpp in Sources */ = {isa = PBXBuildFile; fileRef = C75B497820519EA10069F373 /* readFishPic.cpp */; };
/* End PBXBuildFile section */

/* Begin PBXCopyFilesBuildPhase section */
		C71E0582205023A3001269C6 /* CopyFiles */ = {
			isa = PBXCopyFilesBuildPhase;
			buildActionMask = 2147483647;
			dstPath = /usr/share/man/man1/;
			dstSubfolderSpec = 0;
			files = (
			);
			runOnlyForDeploymentPostprocessing = 1;
		};
/* End PBXCopyFilesBuildPhase section */

/* Begin PBXFileReference section */
		C71E0584205023A3001269C6 /* openCV */ = {isa = PBXFileReference; explicitFileType = "compiled.mach-o.executable"; includeInIndex = 0; path = openCV; sourceTree = BUILT_PRODUCTS_DIR; };
		C71E0587205023A3001269C6 /* main.cpp */ = {isa = PBXFileReference; lastKnownFileType = sourcecode.cpp.cpp; path = main.cpp; sourceTree = "<group>"; };
		C71E059020503A5D001269C6 /* libopencv_core.3.4.1.dylib */ = {isa = PBXFileReference; lastKnownFileType = "compiled.mach-o.dylib"; name = libopencv_core.3.4.1.dylib; path = ../../../../usr/local/Cellar/opencv/3.4.1_2/lib/libopencv_core.3.4.1.dylib; sourceTree = "<group>"; };
		C71E059220503F0B001269C6 /* libopencv_highgui.3.4.1.dylib */ = {isa = PBXFileReference; lastKnownFileType = "compiled.mach-o.dylib"; name = libopencv_highgui.3.4.1.dylib; path = ../../../../usr/local/Cellar/opencv/3.4.1_2/lib/libopencv_highgui.3.4.1.dylib; sourceTree = "<group>"; };
		C71E059420503F42001269C6 /* libopencv_imgproc.3.4.1.dylib */ = {isa = PBXFileReference; lastKnownFileType = "compiled.mach-o.dylib"; name = libopencv_imgproc.3.4.1.dylib; path = ../../../../usr/local/Cellar/opencv/3.4.1_2/lib/libopencv_imgproc.3.4.1.dylib; sourceTree = "<group>"; };
		C71E0596205041AD001269C6 /* Fish.jpg */ = {isa = PBXFileReference; lastKnownFileType = image.jpeg; path = Fish.jpg; sourceTree = "<group>"; };
		C71E059720504763001269C6 /* libopencv_imgcodecs.3.4.1.dylib */ = {isa = PBXFileReference; lastKnownFileType = "compiled.mach-o.dylib"; name = libopencv_imgcodecs.3.4.1.dylib; path = ../../../../usr/local/Cellar/opencv/3.4.1_2/lib/libopencv_imgcodecs.3.4.1.dylib; sourceTree = "<group>"; };
		C75B497820519EA10069F373 /* readFishPic.cpp */ = {isa = PBXFileReference; lastKnownFileType = sourcecode.cpp.cpp; path = readFishPic.cpp; sourceTree = "<group>"; };
		C75B497920519EA10069F373 /* readFishPic.hpp */ = {isa = PBXFileReference; lastKnownFileType = sourcecode.cpp.h; path = readFishPic.hpp; sourceTree = "<group>"; };
/* End PBXFileReference section */

/* Begin PBXFrameworksBuildPhase section */
		C71E0581205023A3001269C6 /* Frameworks */ = {
			isa = PBXFrameworksBuildPhase;
			buildActionMask = 2147483647;
			files = (
				C71E059120503A5D001269C6 /* libopencv_core.3.4.1.dylib in Frameworks */,
				C71E059320503F0B001269C6 /* libopencv_highgui.3.4.1.dylib in Frameworks */,
				C71E059820504763001269C6 /* libopencv_imgcodecs.3.4.1.dylib in Frameworks */,
				C71E059520503F42001269C6 /* libopencv_imgproc.3.4.1.dylib in Frameworks */,
			);
			runOnlyForDeploymentPostprocessing = 0;
		};
/* End PBXFrameworksBuildPhase section */

/* Begin PBXGroup section */
		C71E057B205023A3001269C6 = {
			isa = PBXGroup;
			children = (
				C71E059720504763001269C6 /* libopencv_imgcodecs.3.4.1.dylib */,
				C71E0596205041AD001269C6 /* Fish.jpg */,
				C71E059420503F42001269C6 /* libopencv_imgproc.3.4.1.dylib */,
				C71E059220503F0B001269C6 /* libopencv_highgui.3.4.1.dylib */,
				C71E059020503A5D001269C6 /* libopencv_core.3.4.1.dylib */,
				C71E0586205023A3001269C6 /* openCV */,
				C71E0585205023A3001269C6 /* Products */,
			);
			sourceTree = "<group>";
		};
		C71E0585205023A3001269C6 /* Products */ = {
			isa = PBXGroup;
			children = (
				C71E0584205023A3001269C6 /* openCV */,
			);
			name = Products;
			sourceTree = "<group>";
		};
		C71E0586205023A3001269C6 /* openCV */ = {
			isa = PBXGroup;
			children = (
				C71E0587205023A3001269C6 /* main.cpp */,
				C75B497820519EA10069F373 /* readFishPic.cpp */,
				C75B497920519EA10069F373 /* readFishPic.hpp */,
			);
			path = openCV;
			sourceTree = "<group>";
		};
/* End PBXGroup section */

/* Begin PBXNativeTarget section */
		C71E0583205023A3001269C6 /* openCV */ = {
			isa = PBXNativeTarget;
			buildConfigurationList = C71E058B205023A3001269C6 /* Build configuration list for PBXNativeTarget "openCV" */;
			buildPhases = (
				C71E0580205023A3001269C6 /* Sources */,
				C71E0581205023A3001269C6 /* Frameworks */,
				C71E0582205023A3001269C6 /* CopyFiles */,
			);
			buildRules = (
			);
			dependencies = (
			);
			name = openCV;
			productName = openCV;
			productReference = C71E0584205023A3001269C6 /* openCV */;
			productType = "com.apple.product-type.tool";
		};
/* End PBXNativeTarget section */

/* Begin PBXProject section */
		C71E057C205023A3001269C6 /* Project object */ = {
			isa = PBXProject;
			attributes = {
				LastUpgradeCheck = 0920;
				ORGANIZATIONNAME = soWhat;
				TargetAttributes = {
					C71E0583205023A3001269C6 = {
						CreatedOnToolsVersion = 9.2;
						ProvisioningStyle = Automatic;
					};
				};
			};
			buildConfigurationList = C71E057F205023A3001269C6 /* Build configuration list for PBXProject "openCV" */;
			compatibilityVersion = "Xcode 8.0";
			developmentRegion = en;
			hasScannedForEncodings = 0;
			knownRegions = (
				en,
			);
			mainGroup = C71E057B205023A3001269C6;
			productRefGroup = C71E0585205023A3001269C6 /* Products */;
			projectDirPath = "";
			projectRoot = "";
			targets = (
				C71E0583205023A3001269C6 /* openCV */,
			);
		};
/* End PBXProject section */

/* Begin PBXSourcesBuildPhase section */
		C71E0580205023A3001269C6 /* Sources */ = {
			isa = PBXSourcesBuildPhase;
			buildActionMask = 2147483647;
			files = (
				C75B497A20519EA10069F373 /* readFishPic.cpp in Sources */,
				C71E0588205023A3001269C6 /* main.cpp in Sources */,
			);
			runOnlyForDeploymentPostprocessing = 0;
		};
/* End PBXSourcesBuildPhase section */

/* Begin XCBuildConfiguration section */
		C71E0589205023A3001269C6 /* Debug */ = {
			isa = XCBuildConfiguration;
			buildSettings = {
				ALWAYS_SEARCH_USER_PATHS = NO;
				CLANG_ANALYZER_NONNULL = YES;
				CLANG_ANALYZER_NUMBER_OBJECT_CONVERSION = YES_AGGRESSIVE;
				CLANG_CXX_LANGUAGE_STANDARD = "c++17";
				CLANG_CXX_LIBRARY = "libc++";
				CLANG_ENABLE_MODULES = YES;
				CLANG_ENABLE_OBJC_ARC = YES;
				CLANG_WARN_BLOCK_CAPTURE_AUTORELEASING = YES;
				CLANG_WARN_BOOL_CONVERSION = YES;
				CLANG_WARN_COMMA = YES;
				CLANG_WARN_CONSTANT_CONVERSION = YES;
				CLANG_WARN_DIRECT_OBJC_ISA_USAGE = YES_ERROR;
				CLANG_WARN_DOCUMENTATION_COMMENTS = YES;
				CLANG_WARN_EMPTY_BODY = YES;
				CLANG_WARN_ENUM_CONVERSION = YES;
				CLANG_WARN_INFINITE_RECURSION = YES;
				CLANG_WARN_INT_CONVERSION = YES;
				CLANG_WARN_NON_LITERAL_NULL_CONVERSION = YES;
				CLANG_WARN_OBJC_LITERAL_CONVERSION = YES;
				CLANG_WARN_OBJC_ROOT_CLASS = YES_ERROR;
				CLANG_WARN_RANGE_LOOP_ANALYSIS = YES;
				CLANG_WARN_STRICT_PROTOTYPES = YES;
				CLANG_WARN_SUSPICIOUS_MOVE = YES;
				CLANG_WARN_UNGUARDED_AVAILABILITY = YES_AGGRESSIVE;
				CLANG_WARN_UNREACHABLE_CODE = YES;
				CLANG_WARN__DUPLICATE_METHOD_MATCH = YES;
				CODE_SIGN_IDENTITY = "-";
				COPY_PHASE_STRIP = NO;
				DEBUG_INFORMATION_FORMAT = dwarf;
				ENABLE_STRICT_OBJC_MSGSEND = YES;
				ENABLE_TESTABILITY = YES;
				GCC_C_LANGUAGE_STANDARD = gnu11;
				GCC_DYNAMIC_NO_PIC = NO;
				GCC_NO_COMMON_BLOCKS = YES;
				GCC_OPTIMIZATION_LEVEL = 0;
				GCC_PREPROCESSOR_DEFINITIONS = (
					"DEBUG=1",
					"$(inherited)",
				);
				GCC_WARN_64_TO_32_BIT_CONVERSION = YES;
				GCC_WARN_ABOUT_RETURN_TYPE = YES_ERROR;
				GCC_WARN_UNDECLARED_SELECTOR = YES;
				GCC_WARN_UNINITIALIZED_AUTOS = YES_AGGRESSIVE;
				GCC_WARN_UNUSED_FUNCTION = YES;
				GCC_WARN_UNUSED_VARIABLE = YES;
				MACOSX_DEPLOYMENT_TARGET = 10.13;
				MTL_ENABLE_DEBUG_INFO = YES;
				ONLY_ACTIVE_ARCH = YES;
				SDKROOT = macosx;
			};
			name = Debug;
		};
		C71E058A205023A3001269C6 /* Release */ = {
			isa = XCBuildConfiguration;
			buildSettings = {
				ALWAYS_SEARCH_USER_PATHS = NO;
				CLANG_ANALYZER_NONNULL = YES;
				CLANG_ANALYZER_NUMBER_OBJECT_CONVERSION = YES_AGGRESSIVE;
				CLANG_CXX_LANGUAGE_STANDARD = "c++17";
				CLANG_CXX_LIBRARY = "libc++";
				CLANG_ENABLE_MODULES = YES;
				CLANG_ENABLE_OBJC_ARC = YES;
				CLANG_WARN_BLOCK_CAPTURE_AUTORELEASING = YES;
				CLANG_WARN_BOOL_CONVERSION = YES;
				CLANG_WARN_COMMA = YES;
				CLANG_WARN_CONSTANT_CONVERSION = YES;
				CLANG_WARN_DIRECT_OBJC_ISA_USAGE = YES_ERROR;
				CLANG_WARN_DOCUMENTATION_COMMENTS = YES;
				CLANG_WARN_EMPTY_BODY = YES;
				CLANG_WARN_ENUM_CONVERSION = YES;
				CLANG_WARN_INFINITE_RECURSION = YES;
				CLANG_WARN_INT_CONVERSION = YES;
				CLANG_WARN_NON_LITERAL_NULL_CONVERSION = YES;
				CLANG_WARN_OBJC_LITERAL_CONVERSION = YES;
				CLANG_WARN_OBJC_ROOT_CLASS = YES_ERROR;
				CLANG_WARN_RANGE_LOOP_ANALYSIS = YES;
				CLANG_WARN_STRICT_PROTOTYPES = YES;
				CLANG_WARN_SUSPICIOUS_MOVE = YES;
				CLANG_WARN_UNGUARDED_AVAILABILITY = YES_AGGRESSIVE;
				CLANG_WARN_UNREACHABLE_CODE = YES;
				CLANG_WARN__DUPLICATE_METHOD_MATCH = YES;
				CODE_SIGN_IDENTITY = "-";
				COPY_PHASE_STRIP = NO;
				DEBUG_INFORMATION_FORMAT = "dwarf-with-dsym";
				ENABLE_NS_ASSERTIONS = NO;
				ENABLE_STRICT_OBJC_MSGSEND = YES;
				GCC_C_LANGUAGE_STANDARD = gnu11;
				GCC_NO_COMMON_BLOCKS = YES;
				GCC_WARN_64_TO_32_BIT_CONVERSION = YES;
				GCC_WARN_ABOUT_RETURN_TYPE = YES_ERROR;
				GCC_WARN_UNDECLARED_SELECTOR = YES;
				GCC_WARN_UNINITIALIZED_AUTOS = YES_AGGRESSIVE;
				GCC_WARN_UNUSED_FUNCTION = YES;
				GCC_WARN_UNUSED_VARIABLE = YES;
				MACOSX_DEPLOYMENT_TARGET = 10.13;
				MTL_ENABLE_DEBUG_INFO = NO;
				SDKROOT = macosx;
			};
			name = Release;
		};
		C71E058C205023A3001269C6 /* Debug */ = {
			isa = XCBuildConfiguration;
			buildSettings = {
				ALWAYS_SEARCH_USER_PATHS = YES;
				CODE_SIGN_STYLE = Automatic;
				FRAMEWORK_SEARCH_PATHS = "";
				HEADER_SEARCH_PATHS = /usr/local/Cellar/opencv/3.4.1_2/include/;
				LIBRARY_SEARCH_PATHS = (
					/usr/local/Cellar/opencv/3.4.1_2/lib/,
					/usr/local/Cellar/opencv/3.4.1_2/lib,
				);
				PRODUCT_NAME = "$(TARGET_NAME)";
			};
			name = Debug;
		};
		C71E058D205023A3001269C6 /* Release */ = {
			isa = XCBuildConfiguration;
			buildSettings = {
				ALWAYS_SEARCH_USER_PATHS = YES;
				CODE_SIGN_STYLE = Automatic;
				FRAMEWORK_SEARCH_PATHS = "";
				HEADER_SEARCH_PATHS = /usr/local/Cellar/opencv/3.4.1_2/include/;
				LIBRARY_SEARCH_PATHS = (
					/usr/local/Cellar/opencv/3.4.1_2/lib/,
					/usr/local/Cellar/opencv/3.4.1_2/lib,
				);
				PRODUCT_NAME = "$(TARGET_NAME)";
			};
			name = Release;
		};
/* End XCBuildConfiguration section */

/* Begin XCConfigurationList section */
		C71E057F205023A3001269C6 /* Build configuration list for PBXProject "openCV" */ = {
			isa = XCConfigurationList;
			buildConfigurations = (
				C71E0589205023A3001269C6 /* Debug */,
				C71E058A205023A3001269C6 /* Release */,
			);
			defaultConfigurationIsVisible = 0;
			defaultConfigurationName = Release;
		};
		C71E058B205023A3001269C6 /* Build configuration list for PBXNativeTarget "openCV" */ = {
			isa = XCConfigurationList;
			buildConfigurations = (
				C71E058C205023A3001269C6 /* Debug */,
				C71E058D205023A3001269C6 /* Release */,
			);
			defaultConfigurationIsVisible = 0;
			defaultConfigurationName = Release;
		};
/* End XCConfigurationList section */
	};
	rootObject = C71E057C205023A3001269C6 /* Project object */;
}
